github.com/bmatcuk/doublestar v1.3.1 h1:rT8rxDPsavp9G+4ZULzqhhUSaI/OPsTZNG88Z3i0xvY=
github.com/bmatcuk/doublestar v1.3.1/go.mod h1:wiQtGV+rzVYxB7WIlirSN++5HPtPlXEo9MEoZQC/PmE=
github.com/boombuler/barcode v1.0.1-0.20190219062509-6c824513bacc h1:biVzkmvwrH8WK8raXaxBx6fRVTlJILwEwQGL1I/ByEI=
github.com/boombuler/barcode v1.0.1-0.20190219062509-6c824513bacc/go.mod h1:paBWMcWSl3LHKBqUq+rly7CNSldXjb2rDl3JlRe0mD8=
github.com/creack/pty v1.1.9 h1:uDmaGzcdjhF4i/plgjmEsriH11Y0o7RKapEf/LDaM3w=
github.com/creack/pty v1.1.9/go.mod h1:oKZEueFk5CKHvIhNR5MUki03XCEU+Q6VDXinZuGJ33E=
github.com/davecgh/go-spew v1.1.0/go.mod h1:J7Y8YcW2NihsgmVo/mv3lAwl/skON4iLHjSsI+c5H38=
github.com/davecgh/go-spew v1.1.1 h1:vj9j/u1bqnvCEfJOwUhtlOARqs3+rkHYY13jYWTU97c=
github.com/davecgh/go-spew v1.1.1/go.mod h1:J7Y8YcW2NihsgmVo/mv3lAwl/skON4iLHjSsI+c5H38=
github.com/deanishe/awgo v0.26.2 h1:eDzriTPO1mcv+Z/9JsIyHWX/sQCsYGV4sh7aFpzvc8I=
github.com/deanishe/awgo v0.26.2/go.mod h1:Qen3509y1/sj7a5syefWc6FQHO1LE/tyoTyN9jRv1vU=
github.com/go-cmd/cmd v1.2.1 h1:fV4o2i9JX8+TeI1xB1x7Ji/3ndEfJNdaa+7uYGVhkuM=
github.com/go-cmd/cmd v1.2.1/go.mod h1:F2yJeMVdy5ymftSgCR0zMN7XLhKFJpG5/1brXju8EXU=
github.com/go-test/deep v1.0.6 h1:UHSEyLZUwX9Qoi99vVwvewiMC8mM2bf7XEM2nqvzEn8=
github.com/go-test/deep v1.0.6/go.mod h1:QV8Hv/iy04NyLBxAdO9njL0iVPN1S4d/A3NVv1V36o8=
github.com/jessevdk/go-flags v1.4.0 h1:4IU2WS7AumrZ/40jfhf4QVDMsQwqA7VEHozFRrGARJA=
github.com/jessevdk/go-flags v1.4.0/go.mod h1:4FA24M0QyGHXBuZZK/XkWh8h0e1EYbRYJSGM75WSRxI=
github.com/jpillora/go-tld v1.0.0 h1:W0Wz3fYT9WCDNJXcXc58uV7sriLnVeELeOU5MP5X42M=
github.com/jpillora/go-tld v1.0.0/go.mod h1:kitBxOF//DR5FxYeIGw+etdiiTIq5S7bx0dwy1GUNAk=
github.com/jychri/tilde v0.1.0 h1:/NGtJnByZqsIGrDrJPYM2uvPtM8/iAb18XNA4b83o14=
github.com/jychri/tilde v0.1.0/go.mod h1:2Z44AJjlVpDIZlCdTM3wJ0YvHbbrhQBcmai5SOEJPhM=
github.com/kelseyhightower/envconfig v1.4.0 h1:Im6hONhd3pLkfDFsbRgu68RDNkGF1r3dvMUtDTo2cv8=
github.com/kelseyhightower/envconfig v1.4.0/go.mod h1:cccZRl6mQpaq41TPp5QxidR+Sa3axMbJDNb//FQX6Gg=
github.com/kr/pretty v0.1.0 h1:L/CwN0zerZDmRFUapSPitk6f+Q3+0za1rQkzVuMiMFI=
github.com/kr/pretty v0.1.0/go.mod h1:dAy3ld7l9f0ibDNOQOHHMYYIIbhfbHSm3C4ZsoJORNo=
github.com/kr/pty v1.1.1 h1:VkoXIwSboBpnk99O/KFauAEILuNHv5DVFKZMBN/gUgw=
github.com/kr/pty v1.1.1/go.mod h1:pFQYn66WHrOpPYNljwOMqo10TkYh1fy3cYio2l3bCsQ=
github.com/kr/text v0.1.0/go.mod h1:4Jbv+DJW3UT/LiOwJeYQe1efqtUx/iVham/4vfdArNI=
github.com/kr/text v0.2.0 h1:5Nx0Ya0ZqY2ygV366QzturHI13Jq95ApcVaJBhpS+AY=
github.com/kr/text v0.2.0/go.mod h1:eLer722TekiGuMkidMxC/pM04lWEeraHUUmBw8l2grE=
github.com/magefile/mage v1.10.0 h1:3HiXzCUY12kh9bIuyXShaVe529fJfyqoVM42o/uom2g=
github.com/magefile/mage v1.10.0/go.mod h1:z5UZb/iS3GoOSn0JgWuiw7dxlurVYTu+/jHXqQg881A=
github.com/mitchellh/go-ps v0.0.0-20190716172923-621e5597135b h1:9+ke9YJ9KGWw5ANXK6ozjoK47uI3uNbXv4YVINBnGm8=
github.com/mitchellh/go-ps v0.0.0-20190716172923-621e5597135b/go.mod h1:r1VsdOzOPt1ZSrGZWFoNhsAedKnEd6r9Np1+5blZCWk=
github.com/niemeyer/pretty v0.0.0-20200227124842-a10e7caefd8e h1:fD57ERR4JtEqsWbfPhv4DMiApHyliiK5xCTNVSPiaAs=
github.com/niemeyer/pretty v0.0.0-20200227124842-a10e7caefd8e/go.mod h1:zD1mROLANZcx1PVRCS0qkT7pwLkGfwJo4zjcN/Tysno=
github.com/oliveagle/jsonpath v0.0.0-20180606110733-2e52cf6e6852 h1:Yl0tPBa8QPjGmesFh1D0rDy+q1Twx6FyU7VWHi8wZbI=
github.com/oliveagle/jsonpath v0.0.0-20180606110733-2e52cf6e6852/go.mod h1:eqOVx5Vwu4gd2mmMZvVZsgIqNSaW3xxRThUJ0k/TPk4=
github.com/pmezard/go-difflib v1.0.0 h1:4DBwDE0NGyQoBHbLQYPwSUPoCMWR5BEzIk/f1lZbAQM=
github.com/pmezard/go-difflib v1.0.0/go.mod h1:iKH77koFhYxTK1pcRnkKkqfTogsbg7gZNVY4sRDYZ/4=
github.com/pquerna/otp v1.2.0 h1:/A3+Jn+cagqayeR3iHs/L62m5ue7710D35zl1zJ1kok=
github.com/pquerna/otp v1.2.0/go.mod h1:dkJfzwRKNiegxyNb54X/3fLwhCynbMspSyWKnvi1AEg=
github.com/pschlump/lexie v0.0.0-20171018140910-163c2415e433 h1:2/doBq01ukmRY0qVKmmX+8eRsaZ/GDqB5y3OfGrzBls=
github.com/pschlump/lexie v0.0.0-20171018140910-163c2415e433/go.mod h1:vtXhOOwdLEFeU5fyUXmzwKydcwvw7eCFmUVyZzVh6jo=
github.com/pschlump/markdown-cli v0.0.0-20190302144029-1852bd2b9884 h1:7reJtVvAtQjYFiG3aIdmF91onhi2V9cg5fef7aKaqow=
github.com/pschlump/markdown-cli v0.0.0-20190302144029-1852bd2b9884/go.mod h1:ss7xThlrSPMDjyDoxqvXwZjJO5M1PRaeVMZOe6hdG14=
github.com/russross/blackfriday v2.0.0+incompatible h1:cBXrhZNUf9C+La9/YpS+UHpUT8YD6Td9ZMSU9APFcsk=
github.com/russross/blackfriday v2.0.0+incompatible/go.mod h1:JO/DiYxRf+HjHt06OyowR9PTA263kcR/rfWxYHBV53g=
github.com/shurcooL/sanitized_anchor_name v1.0.0 h1:PdmoCO6wvbs+7yrJyMORt4/BmY5IYyJwS/kOiWx8mHo=
github.com/shurcooL/sanitized_anchor_name v1.0.0/go.mod h1:1NzhyTcUVG4SuEtjjoZeVRXNmyL/1OwPU0+IJeTBvfc=
github.com/soellman/pidfile v0.0.0-20160225184504-d482c905736b h1:iIk2ziBApy8Qf6KuoKoVqFOYCmQICxsrRNyry/IQH1k=
github.com/soellman/pidfile v0.0.0-20160225184504-d482c905736b/go.mod h1:Cl3hBycyq3EjWqsRkNkbhDKYiB7SEfwRIXLKDcULwb4=
github.com/stretchr/objx v0.1.0 h1:4G4v2dO3VZwixGIRoQ5Lfboy6nUhCyYzaqnIAPPhYs4=
github.com/stretchr/objx v0.1.0/go.mod h1:HFkY916IF+rwdDfMAkV7OtwuqBVzrE8GR6GFx+wExME=
github.com/stretchr/testify v1.3.0/go.mod h1:M5WIy9Dh21IEIfnGCwXGc5bZfKNJtfHm1UVUgZn+9EI=
github.com/stretchr/testify v1.4.0/go.mod h1:j7eGeouHqKxXV5pUuKE4zz7dFj8WfuZ+81PSLYec5m4=
github.com/stretchr/testify v1.6.1 h1:hDPOHmpOpP40lSULcqw7IrRb/u7w6RpDC9399XyoNd0=
github.com/stretchr/testify v1.6.1/go.mod h1:6Fq8oRcR53rry900zMqJjRRixrwX3KX962/h/Wwjteg=
github.com/tidwall/gjson v1.6.1 h1:LRbvNuNuvAiISWg6gxLEFuCe72UKy5hDqhxW/8183ws=
github.com/tidwall/gjson v1.6.1/go.mod h1:BaHyNc5bjzYkPqgLq7mdVzeiRtULKULXLgZFKsxEHI0=
github.com/tidwall/match v1.0.1 h1:PnKP62LPNxHKTwvHHZZzdOAOCtsJTjo6dZLCwpKm5xc=
github.com/tidwall/match v1.0.1/go.mod h1:LujAq0jyVjBy028G1WhWfIzbpQfMO8bBZ6Tyb0+pL9E=
github.com/tidwall/pretty v1.0.2 h1:Z7S3cePv9Jwm1KwS0513MRaoUe3S01WPbLNV40pwWZU=
github.com/tidwall/pretty v1.0.2/go.mod h1:XNkn88O1ChpSDQmQeStsy+sBenx6DDtFZJxhVysOjyk=
go.deanishe.net/env v0.5.1 h1:WiOncK5uJj8Um57Vj2dc1bq1lMN7fgRag9up7I3LZy0=
go.deanishe.net/env v0.5.1/go.mod h1:ihEYfDm0K0hq3f5ACTCQDrMTWxH9fTiA1lh1i0aMqm0=
go.deanishe.net/fuzzy v1.0.0 h1:3Qp6PCX0DLb9z03b5OHwAGsbRSkgJpSLncsiDdXDt4Y=
go.deanishe.net/fuzzy v1.0.0/go.mod h1:2yEEMfG7jWgT1s5EO0TteVWmx2MXFBRMr5cMm84bQNY=
golang.org/x/crypto v0.0.0-20190308221718-c2843e01d9a2/go.mod h1:djNgcEr1/C05ACkg1iLfiJU5Ep61QUkGW8qpdssI0+w=
golang.org/x/crypto v0.0.0-20200317142112-1b76d66859c6 h1:TjszyFsQsyZNHwdVdZ5m7bjmreu0znc2kRYsEml9/Ww=
golang.org/x/crypto v0.0.0-20200317142112-1b76d66859c6/go.mod h1:LzIPMQfyMNhhGPhUkYOs5KpL4U8rLKemX1yGLhDgUto=
golang.org/x/net v0.0.0-20190404232315-eb5bcb51f2a3/go.mod h1:t9HGtf8HONx5eT2rtn7q6eTqICYqUVnKs3thJo3Qplg=
golang.org/x/net v0.0.0-20200324143707-d3edc9973b7e h1:3G+cUijn7XD+S4eJFddp53Pv7+slrESplyjG25HgL+k=
golang.org/x/net v0.0.0-20200324143707-d3edc9973b7e/go.mod h1:qpuaurCH72eLCgpAm/N6yyVIVM9cpaDIP3A8BGJEC5A=
golang.org/x/sys v0.0.0-20190215142949-d0b11bdaac8a/go.mod h1:STP8DvDyc/dI5b8T5hshtkjS+E42TnysNCUPdjciGhY=
golang.org/x/sys v0.0.0-20190412213103-97732733099d/go.mod h1:h1NjWce9XRLGQEsW7wpKNCjG9DtNlClVuFLEZdDNbEs=
golang.org/x/sys v0.0.0-20200323222414-85ca7c5b95cd/go.mod h1:h1NjWce9XRLGQEsW7wpKNCjG9DtNlClVuFLEZdDNbEs=
golang.org/x/sys v0.0.0-20200509044756-6aff5f38e54f h1:mOhmO9WsBaJCNmaZHPtHs9wOcdqdKCjF6OPJlmDM3KI=
golang.org/x/sys v0.0.0-20200509044756-6aff5f38e54f/go.mod h1:h1NjWce9XRLGQEsW7wpKNCjG9DtNlClVuFLEZdDNbEs=
golang.org/x/text v0.3.0/go.mod h1:NqM8EUOU14njkJ3fqMW+pc6Ldnwhi/IjpwHt7yyuwOQ=
golang.org/x/text v0.3.3 h1:cokOdA+Jmi5PJGXLlLllQSgYigAEfHXJAERHVMaCc2k=
golang.org/x/text v0.3.3/go.mod h1:5Zoc/QRtKVWzQhOtBMvqHzDpF6irO9z98xDceosuGiQ=
golang.org/x/tools v0.0.0-20180917221912-90fa682c2a6e h1:FDhOuMEY4JVRztM/gsbk+IKUQ8kj74bxZrgw87eMMVc=
golang.org/x/tools v0.0.0-20180917221912-90fa682c2a6e/go.mod h1:n7NCudcB/nEzxVGmLbDWY5pfWTLqBcC2KZ6jyYvM4mQ=
gopkg.in/check.v1 v0.0.0-20161208181325-20d25e280405/go.mod h1:Co6ibVJAznAaIkqp8huTwlJQCZ016jof/cbN4VW5Yz0=
gopkg.in/check.v1 v1.0.0-20180628173108-788fd7840127/go.mod h1:Co6ibVJAznAaIkqp8huTwlJQCZ016jof/cbN4VW5Yz0=
gopkg.in/check.v1 v1.0.0-20200227125254-8fa46927fb4f h1:BLraFXnmrev5lT+xlilqcH8XK9/i0At2xKjWk4p6zsU=
gopkg.in/check.v1 v1.0.0-20200227125254-8fa46927fb4f/go.mod h1:Co6ibVJAznAaIkqp8huTwlJQCZ016jof/cbN4VW5Yz0=
gopkg.in/yaml.v2 v2.2.1/go.mod h1:hI93XBmqTisBFMUTm0b8Fm+jr3Dg1NNxqwp+5A1VGuI=
gopkg.in/yaml.v2 v2.2.2 h1:ZCJp+EgiOT7lHqUV2J862kp8Qj64Jo6az82+3Td9dZw=
gopkg.in/yaml.v2 v2.2.2/go.mod h1:hI93XBmqTisBFMUTm0b8Fm+jr3Dg1NNxqwp+5A1VGuI=
gopkg.in/yaml.v3 v3.0.0-20200313102051-9f266ea9e77c h1:dUUwHk2QECo/6vqA44rthZ8ie2QXMNeKRTHCNY2nXvo=
gopkg.in/yaml.v3 v3.0.0-20200313102051-9f266ea9e77c/go.mod h1:K4uyk7z7BCEPqu6E+C64Yfv1cQ7kz7rIZviUmN+EgEM=
howett.net/plist v0.0.0-20200419221736-3b63eb3a43b5 h1:AQkaJpH+/FmqRjmXZPELom5zIERYZfwTjnHpfoVMQEc=
howett.net/plist v0.0.0-20200419221736-3b63eb3a43b5/go.mod h1:vMygbs4qMhSZSc4lCUl2OEE+rDiIIJAIdR4m7MiMcm0=
